{
  "name": "WebVoyager",
  "lockfileVersion": 2,
  "requires": true,
  "packages": {
    "": {
      "devDependencies": {
        "playwright": "^1.53.0-alpha-2025-06-03"
      }
    },
    "node_modules/fsevents": {
      "version": "2.3.2",
      "resolved": "https://registry.npmjs.org/fsevents/-/fsevents-2.3.2.tgz",
      "integrity": "sha512-xiqMQR4xAeHTuB9uWm+fFRcIOgKBMiOBP+eXiyT7jsgVCq1bkVygt00oASowB7EdtpOHaaPgKt812P9ab+DDKA==",
      "dev": true,
      "hasInstallScript": true,
      "optional": true,
      "os": [
        "darwin"
      ],
      "engines": {
        "node": "^8.16.0 || ^10.6.0 || >=11.0.0"
      }
    },
    "node_modules/playwright": {
      "version": "1.53.0-alpha-2025-06-03",
      "resolved": "https://registry.npmjs.org/playwright/-/playwright-1.53.0-alpha-2025-06-03.tgz",
      "integrity": "sha512-4LPYD0xLV4CXIHbDVUyWhQZQ1UV9X8GBdnlmWKEINsxcoPKgKrxtdilGgsQvnkWy1a/FgyzXWEl9LmmMwAQGAw==",
      "dev": true,
      "dependencies": {
        "playwright-core": "1.53.0-alpha-2025-06-03"
      },
      "bin": {
        "playwright": "cli.js"
      },
      "engines": {
        "node": ">=18"
      },
      "optionalDependencies": {
        "fsevents": "2.3.2"
      }
    },
    "node_modules/playwright-core": {
      "version": "1.53.0-alpha-2025-06-03",
      "resolved": "https://registry.npmjs.org/playwright-core/-/playwright-core-1.53.0-alpha-2025-06-03.tgz",
      "integrity": "sha512-jQgKfMIDHybWLRmqww8Pdm4oubBPRRQpHHIhZTBcfmQAcW+fOLd/OBrQSEgqePeuavfWG8TlLFv0Qt1fAmGQSw==",
      "dev": true,
      "bin": {
        "playwright-core": "cli.js"
      },
      "engines": {
        "node": ">=18"
      }
    }
  },
  "dependencies": {
    "fsevents": {
      "version": "2.3.2",
      "resolved": "https://registry.npmjs.org/fsevents/-/fsevents-2.3.2.tgz",
      "integrity": "sha512-xiqMQR4xAeHTuB9uWm+fFRcIOgKBMiOBP+eXiyT7jsgVCq1bkVygt00oASowB7EdtpOHaaPgKt812P9ab+DDKA==",
      "dev": true,
      "optional": true
    },
    "playwright": {
      "version": "1.53.0-alpha-2025-06-03",
      "resolved": "https://registry.npmjs.org/playwright/-/playwright-1.53.0-alpha-2025-06-03.tgz",
      "integrity": "sha512-4LPYD0xLV4CXIHbDVUyWhQZQ1UV9X8GBdnlmWKEINsxcoPKgKrxtdilGgsQvnkWy1a/FgyzXWEl9LmmMwAQGAw==",
      "dev": true,
      "requires": {
        "fsevents": "2.3.2",
        "playwright-core": "1.53.0-alpha-2025-06-03"
      }
    },
    "playwright-core": {
      "version": "1.53.0-alpha-2025-06-03",
      "resolved": "https://registry.npmjs.org/playwright-core/-/playwright-core-1.53.0-alpha-2025-06-03.tgz",
      "integrity": "sha512-jQgKfMIDHybWLRmqww8Pdm4oubBPRRQpHHIhZTBcfmQAcW+fOLd/OBrQSEgqePeuavfWG8TlLFv0Qt1fAmGQSw==",
      "dev": true
    }
  }
}
